
Microsoft Visual Studio Solution File, Format Version 12.00
# Visual Studio Version 17
VisualStudioVersion = 17.8.34330.188
MinimumVisualStudioVersion = 10.0.40219.1
Project("{9A19103F-16F7-4668-BE54-9A1E7A4F7556}") = "Sora.Core", "Sora.Core\Sora.Core.csproj", "{AEC4F446-BFA8-4E80-8665-FE72A51E05A2}"
EndProject
Project("{FAE04EC0-301F-11D3-BF4B-00C04F79EFBC}") = "Sora.Test", "Sora.Test\Sora.Test.csproj", "{11198239-1381-4E64-8FBA-1C597E1779E3}"
EndProject
Project("{FAE04EC0-301F-11D3-BF4B-00C04F79EFBC}") = "Sora.Adapter.OnebotV11", "Sora.Adapter.OnebotV11\Sora.Adapter.OnebotV11.csproj", "{F4A23F6E-D4A9-4BAC-B8DE-533D86C40FED}"
EndProject
Global
	GlobalSection(SolutionConfigurationPlatforms) = preSolution
		Debug|Any CPU = Debug|Any CPU
		Release|Any CPU = Release|Any CPU
	EndGlobalSection
	GlobalSection(ProjectConfigurationPlatforms) = postSolution
		{AEC4F446-BFA8-4E80-8665-FE72A51E05A2}.Debug|Any CPU.ActiveCfg = Debug|Any CPU
		{AEC4F446-BFA8-4E80-8665-FE72A51E05A2}.Debug|Any CPU.Build.0 = Debug|Any CPU
		{AEC4F446-BFA8-4E80-8665-FE72A51E05A2}.Release|Any CPU.ActiveCfg = Release|Any CPU
		{AEC4F446-BFA8-4E80-8665-FE72A51E05A2}.Release|Any CPU.Build.0 = Release|Any CPU
		{11198239-1381-4E64-8FBA-1C597E1779E3}.Debug|Any CPU.ActiveCfg = Debug|Any CPU
		{11198239-1381-4E64-8FBA-1C597E1779E3}.Debug|Any CPU.Build.0 = Debug|Any CPU
		{11198239-1381-4E64-8FBA-1C597E1779E3}.Release|Any CPU.ActiveCfg = Release|Any CPU
		{11198239-1381-4E64-8FBA-1C597E1779E3}.Release|Any CPU.Build.0 = Release|Any CPU
		{F4A23F6E-D4A9-4BAC-B8DE-533D86C40FED}.Debug|Any CPU.ActiveCfg = Debug|Any CPU
		{F4A23F6E-D4A9-4BAC-B8DE-533D86C40FED}.Debug|Any CPU.Build.0 = Debug|Any CPU
		{F4A23F6E-D4A9-4BAC-B8DE-533D86C40FED}.Release|Any CPU.ActiveCfg = Release|Any CPU
		{F4A23F6E-D4A9-4BAC-B8DE-533D86C40FED}.Release|Any CPU.Build.0 = Release|Any CPU
	EndGlobalSection
	GlobalSection(SolutionProperties) = preSolution
		HideSolutionNode = FALSE
	EndGlobalSection
	GlobalSection(ExtensibilityGlobals) = postSolution
		SolutionGuid = {5D1E926F-30F9-48E2-9609-B9A69841327E}
	EndGlobalSection
EndGlobal
